// !$*UTF8*$!
{
	archiveVersion = 1;
	classes = {
	};
	objectVersion = 50;
	objects = {

/* Begin PBXBuildFile section */
		6917F19E2350CCF60039BA8E /* ZAPIManager.swift in Sources */ = {isa = PBXBuildFile; fileRef = 6917F19D2350CCF60039BA8E /* ZAPIManager.swift */; };
		6917F1A02350CE090039BA8E /* Notification.Name.swift in Sources */ = {isa = PBXBuildFile; fileRef = 6917F19F2350CE090039BA8E /* Notification.Name.swift */; };
		6917F1A22350F3690039BA8E /* ZAPINotificationCenter.swift in Sources */ = {isa = PBXBuildFile; fileRef = 6917F1A12350F3690039BA8E /* ZAPINotificationCenter.swift */; };
		694C00B2234F785C000157DD /* GraphQLAPI.swift in Sources */ = {isa = PBXBuildFile; fileRef = 694C00B1234F785B000157DD /* GraphQLAPI.swift */; };
		694C00E1234F9D2C000157DD /* ProductsViewController.swift in Sources */ = {isa = PBXBuildFile; fileRef = 694C00E0234F9D2C000157DD /* ProductsViewController.swift */; };
		694C00E3234F9D35000157DD /* ProductViewController.xib in Resources */ = {isa = PBXBuildFile; fileRef = 694C00E2234F9D35000157DD /* ProductViewController.xib */; };
		694C00E5234F9F4E000157DD /* NSObject+Extension.swift in Sources */ = {isa = PBXBuildFile; fileRef = 694C00E4234F9F4E000157DD /* NSObject+Extension.swift */; };
		694C00E8234FA72B000157DD /* ZAPI.swift in Sources */ = {isa = PBXBuildFile; fileRef = 694C00E7234FA72B000157DD /* ZAPI.swift */; };
		697C45812350465900A4583D /* ProductViewController.swift in Sources */ = {isa = PBXBuildFile; fileRef = 697C45802350465900A4583D /* ProductViewController.swift */; };
		697C458423504C7800A4583D /* TextFieldTableViewCell.xib in Resources */ = {isa = PBXBuildFile; fileRef = 697C458223504C7700A4583D /* TextFieldTableViewCell.xib */; };
		697C458523504C7800A4583D /* TextFieldTableViewCell.swift in Sources */ = {isa = PBXBuildFile; fileRef = 697C458323504C7700A4583D /* TextFieldTableViewCell.swift */; };
		69866D2023504FF7008B8318 /* TextViewTableViewCell.swift in Sources */ = {isa = PBXBuildFile; fileRef = 69866D1E23504FF7008B8318 /* TextViewTableViewCell.swift */; };
		69866D2123504FF7008B8318 /* TextViewTableViewCell.xib in Resources */ = {isa = PBXBuildFile; fileRef = 69866D1F23504FF7008B8318 /* TextViewTableViewCell.xib */; };
		69866D23235054CC008B8318 /* Product.swift in Sources */ = {isa = PBXBuildFile; fileRef = 69866D22235054CC008B8318 /* Product.swift */; };
		69866D27235062EC008B8318 /* ProductsViewController.xib in Resources */ = {isa = PBXBuildFile; fileRef = 69866D26235062EC008B8318 /* ProductsViewController.xib */; };
		69866D29235076C2008B8318 /* SelectSupplierViewController.swift in Sources */ = {isa = PBXBuildFile; fileRef = 69866D28235076C2008B8318 /* SelectSupplierViewController.swift */; };
		69866D2B235076CC008B8318 /* SelectSupplierViewController.xib in Resources */ = {isa = PBXBuildFile; fileRef = 69866D2A235076CC008B8318 /* SelectSupplierViewController.xib */; };
		698BFE5B234F14CC00FCFB38 /* AppDelegate.swift in Sources */ = {isa = PBXBuildFile; fileRef = 698BFE5A234F14CC00FCFB38 /* AppDelegate.swift */; };
		698BFE5D234F14CC00FCFB38 /* SceneDelegate.swift in Sources */ = {isa = PBXBuildFile; fileRef = 698BFE5C234F14CC00FCFB38 /* SceneDelegate.swift */; };
		698BFE64234F14CF00FCFB38 /* Assets.xcassets in Resources */ = {isa = PBXBuildFile; fileRef = 698BFE63234F14CF00FCFB38 /* Assets.xcassets */; };
		698BFE67234F14CF00FCFB38 /* LaunchScreen.storyboard in Resources */ = {isa = PBXBuildFile; fileRef = 698BFE65234F14CF00FCFB38 /* LaunchScreen.storyboard */; };
		698BFE70234F1A0100FCFB38 /* Apollo.framework in Frameworks */ = {isa = PBXBuildFile; fileRef = 698BFE6F234F1A0100FCFB38 /* Apollo.framework */; };
		698BFE71234F1A0100FCFB38 /* Apollo.framework in Embed Frameworks */ = {isa = PBXBuildFile; fileRef = 698BFE6F234F1A0100FCFB38 /* Apollo.framework */; settings = {ATTRIBUTES = (CodeSignOnCopy, RemoveHeadersOnCopy, ); }; };
		698BFE75234F1DBB00FCFB38 /* Queries.graphql in Resources */ = {isa = PBXBuildFile; fileRef = 698BFE74234F1DBB00FCFB38 /* Queries.graphql */; };
		69B6625023508AF800F23D0D /* String+Extension.swift in Sources */ = {isa = PBXBuildFile; fileRef = 69B6624F23508AF800F23D0D /* String+Extension.swift */; };
		69B6625D23509E7B00F23D0D /* Error+Extension.swift in Sources */ = {isa = PBXBuildFile; fileRef = 69B6625C23509E7A00F23D0D /* Error+Extension.swift */; };
		69B662612350A41B00F23D0D /* NetworkConfig.swift in Sources */ = {isa = PBXBuildFile; fileRef = 69B662602350A41B00F23D0D /* NetworkConfig.swift */; };
		69B662632350AAA300F23D0D /* ZAPIProtocol.swift in Sources */ = {isa = PBXBuildFile; fileRef = 69B662622350AAA300F23D0D /* ZAPIProtocol.swift */; };
		69B662652350ADFF00F23D0D /* ZAPI+Extension.swift in Sources */ = {isa = PBXBuildFile; fileRef = 69B662642350ADFF00F23D0D /* ZAPI+Extension.swift */; };
/* End PBXBuildFile section */

/* Begin PBXCopyFilesBuildPhase section */
		698BFE72234F1A0100FCFB38 /* Embed Frameworks */ = {
			isa = PBXCopyFilesBuildPhase;
			buildActionMask = 2147483647;
			dstPath = "";
			dstSubfolderSpec = 10;
			files = (
				698BFE71234F1A0100FCFB38 /* Apollo.framework in Embed Frameworks */,
			);
			name = "Embed Frameworks";
			runOnlyForDeploymentPostprocessing = 0;
		};
/* End PBXCopyFilesBuildPhase section */

/* Begin PBXFileReference section */
		6917F19D2350CCF60039BA8E /* ZAPIManager.swift */ = {isa = PBXFileReference; lastKnownFileType = sourcecode.swift; path = ZAPIManager.swift; sourceTree = "<group>"; };
		6917F19F2350CE090039BA8E /* Notification.Name.swift */ = {isa = PBXFileReference; lastKnownFileType = sourcecode.swift; path = Notification.Name.swift; sourceTree = "<group>"; };
		6917F1A12350F3690039BA8E /* ZAPINotificationCenter.swift */ = {isa = PBXFileReference; lastKnownFileType = sourcecode.swift; path = ZAPINotificationCenter.swift; sourceTree = "<group>"; };
		694C00B1234F785B000157DD /* GraphQLAPI.swift */ = {isa = PBXFileReference; fileEncoding = 4; lastKnownFileType = sourcecode.swift; path = GraphQLAPI.swift; sourceTree = "<group>"; };
		694C00E0234F9D2C000157DD /* ProductsViewController.swift */ = {isa = PBXFileReference; lastKnownFileType = sourcecode.swift; path = ProductsViewController.swift; sourceTree = "<group>"; };
		694C00E2234F9D35000157DD /* ProductViewController.xib */ = {isa = PBXFileReference; lastKnownFileType = file.xib; path = ProductViewController.xib; sourceTree = "<group>"; };
		694C00E4234F9F4E000157DD /* NSObject+Extension.swift */ = {isa = PBXFileReference; lastKnownFileType = sourcecode.swift; path = "NSObject+Extension.swift"; sourceTree = "<group>"; };
		694C00E7234FA72B000157DD /* ZAPI.swift */ = {isa = PBXFileReference; lastKnownFileType = sourcecode.swift; path = ZAPI.swift; sourceTree = "<group>"; };
		697C45802350465900A4583D /* ProductViewController.swift */ = {isa = PBXFileReference; lastKnownFileType = sourcecode.swift; path = ProductViewController.swift; sourceTree = "<group>"; };
		697C458223504C7700A4583D /* TextFieldTableViewCell.xib */ = {isa = PBXFileReference; fileEncoding = 4; lastKnownFileType = file.xib; path = TextFieldTableViewCell.xib; sourceTree = "<group>"; };
		697C458323504C7700A4583D /* TextFieldTableViewCell.swift */ = {isa = PBXFileReference; fileEncoding = 4; lastKnownFileType = sourcecode.swift; path = TextFieldTableViewCell.swift; sourceTree = "<group>"; };
		69866D1E23504FF7008B8318 /* TextViewTableViewCell.swift */ = {isa = PBXFileReference; fileEncoding = 4; lastKnownFileType = sourcecode.swift; path = TextViewTableViewCell.swift; sourceTree = "<group>"; };
		69866D1F23504FF7008B8318 /* TextViewTableViewCell.xib */ = {isa = PBXFileReference; fileEncoding = 4; lastKnownFileType = file.xib; path = TextViewTableViewCell.xib; sourceTree = "<group>"; };
		69866D22235054CC008B8318 /* Product.swift */ = {isa = PBXFileReference; lastKnownFileType = sourcecode.swift; path = Product.swift; sourceTree = "<group>"; };
		69866D26235062EC008B8318 /* ProductsViewController.xib */ = {isa = PBXFileReference; lastKnownFileType = file.xib; path = ProductsViewController.xib; sourceTree = "<group>"; };
		69866D28235076C2008B8318 /* SelectSupplierViewController.swift */ = {isa = PBXFileReference; lastKnownFileType = sourcecode.swift; path = SelectSupplierViewController.swift; sourceTree = "<group>"; };
		69866D2A235076CC008B8318 /* SelectSupplierViewController.xib */ = {isa = PBXFileReference; lastKnownFileType = file.xib; path = SelectSupplierViewController.xib; sourceTree = "<group>"; };
		698BFE57234F14CC00FCFB38 /* ZIGZAG_GraphQLCRUD.app */ = {isa = PBXFileReference; explicitFileType = wrapper.application; includeInIndex = 0; path = ZIGZAG_GraphQLCRUD.app; sourceTree = BUILT_PRODUCTS_DIR; };
		698BFE5A234F14CC00FCFB38 /* AppDelegate.swift */ = {isa = PBXFileReference; lastKnownFileType = sourcecode.swift; path = AppDelegate.swift; sourceTree = "<group>"; };
		698BFE5C234F14CC00FCFB38 /* SceneDelegate.swift */ = {isa = PBXFileReference; lastKnownFileType = sourcecode.swift; path = SceneDelegate.swift; sourceTree = "<group>"; };
		698BFE63234F14CF00FCFB38 /* Assets.xcassets */ = {isa = PBXFileReference; lastKnownFileType = folder.assetcatalog; path = Assets.xcassets; sourceTree = "<group>"; };
		698BFE66234F14CF00FCFB38 /* Base */ = {isa = PBXFileReference; lastKnownFileType = file.storyboard; name = Base; path = Base.lproj/LaunchScreen.storyboard; sourceTree = "<group>"; };
		698BFE68234F14CF00FCFB38 /* Info.plist */ = {isa = PBXFileReference; lastKnownFileType = text.plist.xml; path = Info.plist; sourceTree = "<group>"; };
		698BFE6F234F1A0100FCFB38 /* Apollo.framework */ = {isa = PBXFileReference; lastKnownFileType = wrapper.framework; name = Apollo.framework; path = Carthage/Build/iOS/Apollo.framework; sourceTree = "<group>"; };
		698BFE74234F1DBB00FCFB38 /* Queries.graphql */ = {isa = PBXFileReference; fileEncoding = 4; lastKnownFileType = text; path = Queries.graphql; sourceTree = "<group>"; };
		69B6624F23508AF800F23D0D /* String+Extension.swift */ = {isa = PBXFileReference; lastKnownFileType = sourcecode.swift; path = "String+Extension.swift"; sourceTree = "<group>"; };
		69B6625C23509E7A00F23D0D /* Error+Extension.swift */ = {isa = PBXFileReference; fileEncoding = 4; lastKnownFileType = sourcecode.swift; path = "Error+Extension.swift"; sourceTree = "<group>"; };
		69B662602350A41B00F23D0D /* NetworkConfig.swift */ = {isa = PBXFileReference; lastKnownFileType = sourcecode.swift; path = NetworkConfig.swift; sourceTree = "<group>"; };
		69B662622350AAA300F23D0D /* ZAPIProtocol.swift */ = {isa = PBXFileReference; lastKnownFileType = sourcecode.swift; path = ZAPIProtocol.swift; sourceTree = "<group>"; };
		69B662642350ADFF00F23D0D /* ZAPI+Extension.swift */ = {isa = PBXFileReference; lastKnownFileType = sourcecode.swift; path = "ZAPI+Extension.swift"; sourceTree = "<group>"; };
/* End PBXFileReference section */

/* Begin PBXFrameworksBuildPhase section */
		698BFE54234F14CC00FCFB38 /* Frameworks */ = {
			isa = PBXFrameworksBuildPhase;
			buildActionMask = 2147483647;
			files = (
				698BFE70234F1A0100FCFB38 /* Apollo.framework in Frameworks */,
			);
			runOnlyForDeploymentPostprocessing = 0;
		};
/* End PBXFrameworksBuildPhase section */

/* Begin PBXGroup section */
		694C00B3234F8F46000157DD /* Assets */ = {
			isa = PBXGroup;
			children = (
				698BFE63234F14CF00FCFB38 /* Assets.xcassets */,
				698BFE65234F14CF00FCFB38 /* LaunchScreen.storyboard */,
			);
			path = Assets;
			sourceTree = "<group>";
		};
		694C00B4234F8F50000157DD /* GraphQL */ = {
			isa = PBXGroup;
			children = (
				698BFE74234F1DBB00FCFB38 /* Queries.graphql */,
				694C00B1234F785B000157DD /* GraphQLAPI.swift */,
			);
			path = GraphQL;
			sourceTree = "<group>";
		};
		694C00E6234FA71F000157DD /* ViewControllers */ = {
			isa = PBXGroup;
			children = (
				694C00E0234F9D2C000157DD /* ProductsViewController.swift */,
				69866D26235062EC008B8318 /* ProductsViewController.xib */,
				697C45802350465900A4583D /* ProductViewController.swift */,
				694C00E2234F9D35000157DD /* ProductViewController.xib */,
				69866D28235076C2008B8318 /* SelectSupplierViewController.swift */,
				69866D2A235076CC008B8318 /* SelectSupplierViewController.xib */,
			);
			path = ViewControllers;
			sourceTree = "<group>";
		};
		694C00E9235044CC000157DD /* Extensions */ = {
			isa = PBXGroup;
			children = (
				69B662642350ADFF00F23D0D /* ZAPI+Extension.swift */,
				69B662662350B01E00F23D0D /* Common */,
			);
			path = Extensions;
			sourceTree = "<group>";
		};
		697C458623504C8300A4583D /* Cells */ = {
			isa = PBXGroup;
			children = (
				697C458323504C7700A4583D /* TextFieldTableViewCell.swift */,
				697C458223504C7700A4583D /* TextFieldTableViewCell.xib */,
				69866D1E23504FF7008B8318 /* TextViewTableViewCell.swift */,
				69866D1F23504FF7008B8318 /* TextViewTableViewCell.xib */,
			);
			path = Cells;
			sourceTree = "<group>";
		};
		69866D2423505FF5008B8318 /* Networking */ = {
			isa = PBXGroup;
			children = (
				6917F19D2350CCF60039BA8E /* ZAPIManager.swift */,
				694C00E7234FA72B000157DD /* ZAPI.swift */,
				69B662622350AAA300F23D0D /* ZAPIProtocol.swift */,
				69B662602350A41B00F23D0D /* NetworkConfig.swift */,
				6917F1A12350F3690039BA8E /* ZAPINotificationCenter.swift */,
			);
			path = Networking;
			sourceTree = "<group>";
		};
		69866D2523506003008B8318 /* Models */ = {
			isa = PBXGroup;
			children = (
				69866D22235054CC008B8318 /* Product.swift */,
			);
			path = Models;
			sourceTree = "<group>";
		};
		698BFE4E234F14CC00FCFB38 = {
			isa = PBXGroup;
			children = (
				698BFE59234F14CC00FCFB38 /* ZIGZAG_GraphQLCRUD */,
				698BFE58234F14CC00FCFB38 /* Products */,
				698BFE6E234F1A0100FCFB38 /* Frameworks */,
			);
			sourceTree = "<group>";
		};
		698BFE58234F14CC00FCFB38 /* Products */ = {
			isa = PBXGroup;
			children = (
				698BFE57234F14CC00FCFB38 /* ZIGZAG_GraphQLCRUD.app */,
			);
			name = Products;
			sourceTree = "<group>";
		};
		698BFE59234F14CC00FCFB38 /* ZIGZAG_GraphQLCRUD */ = {
			isa = PBXGroup;
			children = (
				698BFE5A234F14CC00FCFB38 /* AppDelegate.swift */,
				698BFE5C234F14CC00FCFB38 /* SceneDelegate.swift */,
				69866D2523506003008B8318 /* Models */,
				694C00E6234FA71F000157DD /* ViewControllers */,
				697C458623504C8300A4583D /* Cells */,
				69866D2423505FF5008B8318 /* Networking */,
				694C00E9235044CC000157DD /* Extensions */,
				694C00B4234F8F50000157DD /* GraphQL */,
				694C00B3234F8F46000157DD /* Assets */,
				698BFE68234F14CF00FCFB38 /* Info.plist */,
			);
			path = ZIGZAG_GraphQLCRUD;
			sourceTree = "<group>";
		};
		698BFE6E234F1A0100FCFB38 /* Frameworks */ = {
			isa = PBXGroup;
			children = (
				698BFE6F234F1A0100FCFB38 /* Apollo.framework */,
			);
			name = Frameworks;
			sourceTree = "<group>";
		};
		69B662662350B01E00F23D0D /* Common */ = {
			isa = PBXGroup;
			children = (
				6917F19F2350CE090039BA8E /* Notification.Name.swift */,
				694C00E4234F9F4E000157DD /* NSObject+Extension.swift */,
				69B6624F23508AF800F23D0D /* String+Extension.swift */,
				69B6625C23509E7A00F23D0D /* Error+Extension.swift */,
			);
			path = Common;
			sourceTree = "<group>";
		};
/* End PBXGroup section */

/* Begin PBXNativeTarget section */
		698BFE56234F14CC00FCFB38 /* ZIGZAG_GraphQLCRUD */ = {
			isa = PBXNativeTarget;
			buildConfigurationList = 698BFE6B234F14CF00FCFB38 /* Build configuration list for PBXNativeTarget "ZIGZAG_GraphQLCRUD" */;
			buildPhases = (
				691A477D234F286400F4F3E7 /* Generate Apollo GraphQL API */,
				698BFE53234F14CC00FCFB38 /* Sources */,
				698BFE54234F14CC00FCFB38 /* Frameworks */,
				698BFE55234F14CC00FCFB38 /* Resources */,
				698BFE72234F1A0100FCFB38 /* Embed Frameworks */,
				698BFE73234F1A1600FCFB38 /* ShellScript */,
			);
			buildRules = (
			);
			dependencies = (
			);
			name = ZIGZAG_GraphQLCRUD;
			productName = ZIGZIG_GraphQLCRUD;
			productReference = 698BFE57234F14CC00FCFB38 /* ZIGZAG_GraphQLCRUD.app */;
			productType = "com.apple.product-type.application";
		};
/* End PBXNativeTarget section */

/* Begin PBXProject section */
		698BFE4F234F14CC00FCFB38 /* Project object */ = {
			isa = PBXProject;
			attributes = {
				LastSwiftUpdateCheck = 1100;
				LastUpgradeCheck = 1100;
				ORGANIZATIONNAME = "Paul Kim";
				TargetAttributes = {
					698BFE56234F14CC00FCFB38 = {
						CreatedOnToolsVersion = 11.0;
					};
				};
			};
			buildConfigurationList = 698BFE52234F14CC00FCFB38 /* Build configuration list for PBXProject "ZIGZAG_GraphQLCRUD" */;
			compatibilityVersion = "Xcode 9.3";
			developmentRegion = en;
			hasScannedForEncodings = 0;
			knownRegions = (
				en,
				Base,
			);
			mainGroup = 698BFE4E234F14CC00FCFB38;
			productRefGroup = 698BFE58234F14CC00FCFB38 /* Products */;
			projectDirPath = "";
			projectRoot = "";
			targets = (
				698BFE56234F14CC00FCFB38 /* ZIGZAG_GraphQLCRUD */,
			);
		};
/* End PBXProject section */

/* Begin PBXResourcesBuildPhase section */
		698BFE55234F14CC00FCFB38 /* Resources */ = {
			isa = PBXResourcesBuildPhase;
			buildActionMask = 2147483647;
			files = (
				698BFE75234F1DBB00FCFB38 /* Queries.graphql in Resources */,
				69866D2123504FF7008B8318 /* TextViewTableViewCell.xib in Resources */,
				69866D2B235076CC008B8318 /* SelectSupplierViewController.xib in Resources */,
				698BFE67234F14CF00FCFB38 /* LaunchScreen.storyboard in Resources */,
				69866D27235062EC008B8318 /* ProductsViewController.xib in Resources */,
				697C458423504C7800A4583D /* TextFieldTableViewCell.xib in Resources */,
				694C00E3234F9D35000157DD /* ProductViewController.xib in Resources */,
				698BFE64234F14CF00FCFB38 /* Assets.xcassets in Resources */,
			);
			runOnlyForDeploymentPostprocessing = 0;
		};
/* End PBXResourcesBuildPhase section */

/* Begin PBXShellScriptBuildPhase section */
		691A477D234F286400F4F3E7 /* Generate Apollo GraphQL API */ = {
			isa = PBXShellScriptBuildPhase;
			buildActionMask = 2147483647;
			files = (
			);
			inputFileListPaths = (
			);
			inputPaths = (
			);
			name = "Generate Apollo GraphQL API";
			outputFileListPaths = (
			);
			outputPaths = (
			);
			runOnlyForDeploymentPostprocessing = 0;
			shellPath = /bin/sh;
			shellScript = "SCRIPT_PATH=\"${SRCROOT}/Carthage/Checkouts/apollo-ios/scripts\"\ncd \"${SRCROOT}/${TARGET_NAME}/GraphQL\"\n\"${SCRIPT_PATH}\"/run-bundled-codegen.sh codegen:generate --target=swift --includes=./**/*.graphql --localSchemaFile=\"schema.json\" GraphQLAPI.swift\n";
		};
		698BFE73234F1A1600FCFB38 /* ShellScript */ = {
			isa = PBXShellScriptBuildPhase;
			buildActionMask = 2147483647;
			files = (
			);
			inputFileListPaths = (
			);
			inputPaths = (
				"$(SRCROOT)/Carthage/Build/iOS/Apollo.framework",
			);
			outputFileListPaths = (
			);
			outputPaths = (
			);
			runOnlyForDeploymentPostprocessing = 0;
			shellPath = /bin/sh;
			shellScript = "/usr/local/bin/carthage copy-frameworks\n";
		};
/* End PBXShellScriptBuildPhase section */

/* Begin PBXSourcesBuildPhase section */
		698BFE53234F14CC00FCFB38 /* Sources */ = {
			isa = PBXSourcesBuildPhase;
			buildActionMask = 2147483647;
			files = (
				694C00E5234F9F4E000157DD /* NSObject+Extension.swift in Sources */,
				694C00B2234F785C000157DD /* GraphQLAPI.swift in Sources */,
				69B6625D23509E7B00F23D0D /* Error+Extension.swift in Sources */,
				698BFE5B234F14CC00FCFB38 /* AppDelegate.swift in Sources */,
				697C458523504C7800A4583D /* TextFieldTableViewCell.swift in Sources */,
				69B662652350ADFF00F23D0D /* ZAPI+Extension.swift in Sources */,
				69B6625023508AF800F23D0D /* String+Extension.swift in Sources */,
				6917F1A22350F3690039BA8E /* ZAPINotificationCenter.swift in Sources */,
				6917F19E2350CCF60039BA8E /* ZAPIManager.swift in Sources */,
				6917F1A02350CE090039BA8E /* Notification.Name.swift in Sources */,
				694C00E1234F9D2C000157DD /* ProductsViewController.swift in Sources */,
				69866D29235076C2008B8318 /* SelectSupplierViewController.swift in Sources */,
				694C00E8234FA72B000157DD /* ZAPI.swift in Sources */,
				69B662612350A41B00F23D0D /* NetworkConfig.swift in Sources */,
				69B662632350AAA300F23D0D /* ZAPIProtocol.swift in Sources */,
				697C45812350465900A4583D /* ProductViewController.swift in Sources */,
				69866D23235054CC008B8318 /* Product.swift in Sources */,
				698BFE5D234F14CC00FCFB38 /* SceneDelegate.swift in Sources */,
				69866D2023504FF7008B8318 /* TextViewTableViewCell.swift in Sources */,
			);
			runOnlyForDeploymentPostprocessing = 0;
		};
/* End PBXSourcesBuildPhase section */

/* Begin PBXVariantGroup section */
		698BFE65234F14CF00FCFB38 /* LaunchScreen.storyboard */ = {
			isa = PBXVariantGroup;
			children = (
				698BFE66234F14CF00FCFB38 /* Base */,
			);
			name = LaunchScreen.storyboard;
			sourceTree = "<group>";
		};
/* End PBXVariantGroup section */

/* Begin XCBuildConfiguration section */
		698BFE69234F14CF00FCFB38 /* Debug */ = {
			isa = XCBuildConfiguration;
			buildSettings = {
				ALWAYS_SEARCH_USER_PATHS = NO;
				CLANG_ANALYZER_NONNULL = YES;
				CLANG_ANALYZER_NUMBER_OBJECT_CONVERSION = YES_AGGRESSIVE;
				CLANG_CXX_LANGUAGE_STANDARD = "gnu++14";
				CLANG_CXX_LIBRARY = "libc++";
				CLANG_ENABLE_MODULES = YES;
				CLANG_ENABLE_OBJC_ARC = YES;
				CLANG_ENABLE_OBJC_WEAK = YES;
				CLANG_WARN_BLOCK_CAPTURE_AUTORELEASING = YES;
				CLANG_WARN_BOOL_CONVERSION = YES;
				CLANG_WARN_COMMA = YES;
				CLANG_WARN_CONSTANT_CONVERSION = YES;
				CLANG_WARN_DEPRECATED_OBJC_IMPLEMENTATIONS = YES;
				CLANG_WARN_DIRECT_OBJC_ISA_USAGE = YES_ERROR;
				CLANG_WARN_DOCUMENTATION_COMMENTS = YES;
				CLANG_WARN_EMPTY_BODY = YES;
				CLANG_WARN_ENUM_CONVERSION = YES;
				CLANG_WARN_INFINITE_RECURSION = YES;
				CLANG_WARN_INT_CONVERSION = YES;
				CLANG_WARN_NON_LITERAL_NULL_CONVERSION = YES;
				CLANG_WARN_OBJC_IMPLICIT_RETAIN_SELF = YES;
				CLANG_WARN_OBJC_LITERAL_CONVERSION = YES;
				CLANG_WARN_OBJC_ROOT_CLASS = YES_ERROR;
				CLANG_WARN_RANGE_LOOP_ANALYSIS = YES;
				CLANG_WARN_STRICT_PROTOTYPES = YES;
				CLANG_WARN_SUSPICIOUS_MOVE = YES;
				CLANG_WARN_UNGUARDED_AVAILABILITY = YES_AGGRESSIVE;
				CLANG_WARN_UNREACHABLE_CODE = YES;
				CLANG_WARN__DUPLICATE_METHOD_MATCH = YES;
				COPY_PHASE_STRIP = NO;
				DEBUG_INFORMATION_FORMAT = dwarf;
				ENABLE_STRICT_OBJC_MSGSEND = YES;
				ENABLE_TESTABILITY = YES;
				GCC_C_LANGUAGE_STANDARD = gnu11;
				GCC_DYNAMIC_NO_PIC = NO;
				GCC_NO_COMMON_BLOCKS = YES;
				GCC_OPTIMIZATION_LEVEL = 0;
				GCC_PREPROCESSOR_DEFINITIONS = (
					"DEBUG=1",
					"$(inherited)",
				);
				GCC_WARN_64_TO_32_BIT_CONVERSION = YES;
				GCC_WARN_ABOUT_RETURN_TYPE = YES_ERROR;
				GCC_WARN_UNDECLARED_SELECTOR = YES;
				GCC_WARN_UNINITIALIZED_AUTOS = YES_AGGRESSIVE;
				GCC_WARN_UNUSED_FUNCTION = YES;
				GCC_WARN_UNUSED_VARIABLE = YES;
				IPHONEOS_DEPLOYMENT_TARGET = 13.0;
				MTL_ENABLE_DEBUG_INFO = INCLUDE_SOURCE;
				MTL_FAST_MATH = YES;
				ONLY_ACTIVE_ARCH = YES;
				SDKROOT = iphoneos;
				SWIFT_ACTIVE_COMPILATION_CONDITIONS = DEBUG;
				SWIFT_OPTIMIZATION_LEVEL = "-Onone";
			};
			name = Debug;
		};
		698BFE6A234F14CF00FCFB38 /* Release */ = {
			isa = XCBuildConfiguration;
			buildSettings = {
				ALWAYS_SEARCH_USER_PATHS = NO;
				CLANG_ANALYZER_NONNULL = YES;
				CLANG_ANALYZER_NUMBER_OBJECT_CONVERSION = YES_AGGRESSIVE;
				CLANG_CXX_LANGUAGE_STANDARD = "gnu++14";
				CLANG_CXX_LIBRARY = "libc++";
				CLANG_ENABLE_MODULES = YES;
				CLANG_ENABLE_OBJC_ARC = YES;
				CLANG_ENABLE_OBJC_WEAK = YES;
				CLANG_WARN_BLOCK_CAPTURE_AUTORELEASING = YES;
				CLANG_WARN_BOOL_CONVERSION = YES;
				CLANG_WARN_COMMA = YES;
				CLANG_WARN_CONSTANT_CONVERSION = YES;
				CLANG_WARN_DEPRECATED_OBJC_IMPLEMENTATIONS = YES;
				CLANG_WARN_DIRECT_OBJC_ISA_USAGE = YES_ERROR;
				CLANG_WARN_DOCUMENTATION_COMMENTS = YES;
				CLANG_WARN_EMPTY_BODY = YES;
				CLANG_WARN_ENUM_CONVERSION = YES;
				CLANG_WARN_INFINITE_RECURSION = YES;
				CLANG_WARN_INT_CONVERSION = YES;
				CLANG_WARN_NON_LITERAL_NULL_CONVERSION = YES;
				CLANG_WARN_OBJC_IMPLICIT_RETAIN_SELF = YES;
				CLANG_WARN_OBJC_LITERAL_CONVERSION = YES;
				CLANG_WARN_OBJC_ROOT_CLASS = YES_ERROR;
				CLANG_WARN_RANGE_LOOP_ANALYSIS = YES;
				CLANG_WARN_STRICT_PROTOTYPES = YES;
				CLANG_WARN_SUSPICIOUS_MOVE = YES;
				CLANG_WARN_UNGUARDED_AVAILABILITY = YES_AGGRESSIVE;
				CLANG_WARN_UNREACHABLE_CODE = YES;
				CLANG_WARN__DUPLICATE_METHOD_MATCH = YES;
				COPY_PHASE_STRIP = NO;
				DEBUG_INFORMATION_FORMAT = "dwarf-with-dsym";
				ENABLE_NS_ASSERTIONS = NO;
				ENABLE_STRICT_OBJC_MSGSEND = YES;
				GCC_C_LANGUAGE_STANDARD = gnu11;
				GCC_NO_COMMON_BLOCKS = YES;
				GCC_WARN_64_TO_32_BIT_CONVERSION = YES;
				GCC_WARN_ABOUT_RETURN_TYPE = YES_ERROR;
				GCC_WARN_UNDECLARED_SELECTOR = YES;
				GCC_WARN_UNINITIALIZED_AUTOS = YES_AGGRESSIVE;
				GCC_WARN_UNUSED_FUNCTION = YES;
				GCC_WARN_UNUSED_VARIABLE = YES;
				IPHONEOS_DEPLOYMENT_TARGET = 13.0;
				MTL_ENABLE_DEBUG_INFO = NO;
				MTL_FAST_MATH = YES;
				SDKROOT = iphoneos;
				SWIFT_COMPILATION_MODE = wholemodule;
				SWIFT_OPTIMIZATION_LEVEL = "-O";
				VALIDATE_PRODUCT = YES;
			};
			name = Release;
		};
		698BFE6C234F14CF00FCFB38 /* Debug */ = {
			isa = XCBuildConfiguration;
			buildSettings = {
				CODE_SIGN_STYLE = Automatic;
				DEVELOPMENT_TEAM = 4EF6BS625Y;
				FRAMEWORK_SEARCH_PATHS = (
					"$(inherited)",
					"$(PROJECT_DIR)/Carthage/Build/iOS",
				);
				INFOPLIST_FILE = ZIGZAG_GraphQLCRUD/Info.plist;
				LD_RUNPATH_SEARCH_PATHS = (
					"$(inherited)",
					"@executable_path/Frameworks",
				);
				PRODUCT_BUNDLE_IDENTIFIER = "codegangpk.ZIGZAG-GraphQLCRUD";
				PRODUCT_NAME = ZIGZAG_GraphQLCRUD;
				SWIFT_VERSION = 5.0;
				TARGETED_DEVICE_FAMILY = "1,2";
			};
			name = Debug;
		};
		698BFE6D234F14CF00FCFB38 /* Release */ = {
			isa = XCBuildConfiguration;
			buildSettings = {
				CODE_SIGN_STYLE = Automatic;
				DEVELOPMENT_TEAM = 4EF6BS625Y;
				FRAMEWORK_SEARCH_PATHS = (
					"$(inherited)",
					"$(PROJECT_DIR)/Carthage/Build/iOS",
				);
				INFOPLIST_FILE = ZIGZAG_GraphQLCRUD/Info.plist;
				LD_RUNPATH_SEARCH_PATHS = (
					"$(inherited)",
					"@executable_path/Frameworks",
				);
				PRODUCT_BUNDLE_IDENTIFIER = "codegangpk.ZIGZAG-GraphQLCRUD";
				PRODUCT_NAME = ZIGZAG_GraphQLCRUD;
				SWIFT_VERSION = 5.0;
				TARGETED_DEVICE_FAMILY = "1,2";
			};
			name = Release;
		};
/* End XCBuildConfiguration section */

/* Begin XCConfigurationList section */
		698BFE52234F14CC00FCFB38 /* Build configuration list for PBXProject "ZIGZAG_GraphQLCRUD" */ = {
			isa = XCConfigurationList;
			buildConfigurations = (
				698BFE69234F14CF00FCFB38 /* Debug */,
				698BFE6A234F14CF00FCFB38 /* Release */,
			);
			defaultConfigurationIsVisible = 0;
			defaultConfigurationName = Release;
		};
		698BFE6B234F14CF00FCFB38 /* Build configuration list for PBXNativeTarget "ZIGZAG_GraphQLCRUD" */ = {
			isa = XCConfigurationList;
			buildConfigurations = (
				698BFE6C234F14CF00FCFB38 /* Debug */,
				698BFE6D234F14CF00FCFB38 /* Release */,
			);
			defaultConfigurationIsVisible = 0;
			defaultConfigurationName = Release;
		};
/* End XCConfigurationList section */
	};
	rootObject = 698BFE4F234F14CC00FCFB38 /* Project object */;
}
